PODS:
  - OpenCV (3.1.0.1)
  - TesseractOCRiOS (4.0.0)

DEPENDENCIES:
  - OpenCV (~> 3.1.0.1)
  - TesseractOCRiOS (= 4.0.0)

SPEC CHECKSUMS:
  OpenCV: 41c4250e2b06a394d6fbb634b5fa622cdd846018
  TesseractOCRiOS: 90638afbe43d082433f2e76b384c7901d23956df

PODFILE CHECKSUM: 7049fd5d9669af3594b254822586bffe9371912a

COCOAPODS: 1.0.1
